
Microsoft Visual Studio Solution File, Format Version 12.00
# Visual Studio 15
VisualStudioVersion = 15.0.26730.16
MinimumVisualStudioVersion = 10.0.40219.1
Project("{FAE04EC0-301F-11D3-BF4B-00C04F79EFBC}") = "VSHelloWorld_150221052", "VSHelloWorld_150221052\VSHelloWorld_150221052.csproj", "{8E34ACE1-188D-48B4-9001-4411BE1EEBE3}"
EndProject
Global
	GlobalSection(SolutionConfigurationPlatforms) = preSolution
		Debug|Any CPU = Debug|Any CPU
		Release|Any CPU = Release|Any CPU
	EndGlobalSection
	GlobalSection(ProjectConfigurationPlatforms) = postSolution
		{8E34ACE1-188D-48B4-9001-4411BE1EEBE3}.Debug|Any CPU.ActiveCfg = Debug|Any CPU
		{8E34ACE1-188D-48B4-9001-4411BE1EEBE3}.Debug|Any CPU.Build.0 = Debug|Any CPU
		{8E34ACE1-188D-48B4-9001-4411BE1EEBE3}.Release|Any CPU.ActiveCfg = Release|Any CPU
		{8E34ACE1-188D-48B4-9001-4411BE1EEBE3}.Release|Any CPU.Build.0 = Release|Any CPU
	EndGlobalSection
	GlobalSection(SolutionProperties) = preSolution
		HideSolutionNode = FALSE
	EndGlobalSection
	GlobalSection(ExtensibilityGlobals) = postSolution
		SolutionGuid = {EEBD2C1D-78BC-4DC6-A2D7-B4673CE1DABB}
	EndGlobalSection
EndGlobal
